// !$*UTF8*$!
{
	archiveVersion = 1;
	classes = {
	};
	objectVersion = 55;
	objects = {

/* Begin PBXBuildFile section */
		9A2A99F527B92B7D00D359CE /* Main copy 2.storyboard in Resources */ = {isa = PBXBuildFile; fileRef = 9A2A99F427B92B7D00D359CE /* Main copy 2.storyboard */; };
		9A2A99F627B92B7D00D359CE /* Main copy 2.storyboard in Resources */ = {isa = PBXBuildFile; fileRef = 9A2A99F427B92B7D00D359CE /* Main copy 2.storyboard */; };
		9A717D7527B8148000C17F83 /* AppDelegate.swift in Sources */ = {isa = PBXBuildFile; fileRef = 9A717D7427B8148000C17F83 /* AppDelegate.swift */; };
		9A717D7727B8148000C17F83 /* ViewController.swift in Sources */ = {isa = PBXBuildFile; fileRef = 9A717D7627B8148000C17F83 /* ViewController.swift */; };
		9A717D7927B8148000C17F83 /* Assets.xcassets in Resources */ = {isa = PBXBuildFile; fileRef = 9A717D7827B8148000C17F83 /* Assets.xcassets */; };
		9A717D7C27B8148000C17F83 /* Main.storyboard in Resources */ = {isa = PBXBuildFile; fileRef = 9A717D7A27B8148000C17F83 /* Main.storyboard */; };
		9A717D8727B8148100C17F83 /* IBTweakerTests.swift in Sources */ = {isa = PBXBuildFile; fileRef = 9A717D8627B8148100C17F83 /* IBTweakerTests.swift */; };
		9A717D9127B8148100C17F83 /* IBTweakerUITests.swift in Sources */ = {isa = PBXBuildFile; fileRef = 9A717D9027B8148100C17F83 /* IBTweakerUITests.swift */; };
		9A717D9327B8148100C17F83 /* IBTweakerUITestsLaunchTests.swift in Sources */ = {isa = PBXBuildFile; fileRef = 9A717D9227B8148100C17F83 /* IBTweakerUITestsLaunchTests.swift */; };
		9A717DA027B824F600C17F83 /* IBTWindow.swift in Sources */ = {isa = PBXBuildFile; fileRef = 9A717D9F27B824F600C17F83 /* IBTWindow.swift */; };
/* End PBXBuildFile section */

/* Begin PBXContainerItemProxy section */
		9A717D8327B8148000C17F83 /* PBXContainerItemProxy */ = {
			isa = PBXContainerItemProxy;
			containerPortal = 9A717D6927B8148000C17F83 /* Project object */;
			proxyType = 1;
			remoteGlobalIDString = 9A717D7027B8148000C17F83;
			remoteInfo = IBTweaker;
		};
		9A717D8D27B8148100C17F83 /* PBXContainerItemProxy */ = {
			isa = PBXContainerItemProxy;
			containerPortal = 9A717D6927B8148000C17F83 /* Project object */;
			proxyType = 1;
			remoteGlobalIDString = 9A717D7027B8148000C17F83;
			remoteInfo = IBTweaker;
		};
/* End PBXContainerItemProxy section */

/* Begin PBXFileReference section */
		9A2A99F427B92B7D00D359CE /* Main copy 2.storyboard */ = {isa = PBXFileReference; explicitFileType = text.xml; fileEncoding = 4; path = "Main copy 2.storyboard"; sourceTree = "<group>"; };
		9A717D7127B8148000C17F83 /* IBTweaker.app */ = {isa = PBXFileReference; explicitFileType = wrapper.application; includeInIndex = 0; path = IBTweaker.app; sourceTree = BUILT_PRODUCTS_DIR; };
		9A717D7427B8148000C17F83 /* AppDelegate.swift */ = {isa = PBXFileReference; lastKnownFileType = sourcecode.swift; path = AppDelegate.swift; sourceTree = "<group>"; };
		9A717D7627B8148000C17F83 /* ViewController.swift */ = {isa = PBXFileReference; lastKnownFileType = sourcecode.swift; path = ViewController.swift; sourceTree = "<group>"; };
		9A717D7827B8148000C17F83 /* Assets.xcassets */ = {isa = PBXFileReference; lastKnownFileType = folder.assetcatalog; path = Assets.xcassets; sourceTree = "<group>"; };
		9A717D7B27B8148000C17F83 /* Base */ = {isa = PBXFileReference; lastKnownFileType = file.storyboard; name = Base; path = Base.lproj/Main.storyboard; sourceTree = "<group>"; };
		9A717D7D27B8148000C17F83 /* IBTweaker.entitlements */ = {isa = PBXFileReference; lastKnownFileType = text.plist.entitlements; path = IBTweaker.entitlements; sourceTree = "<group>"; };
		9A717D8227B8148000C17F83 /* IBTweakerTests.xctest */ = {isa = PBXFileReference; explicitFileType = wrapper.cfbundle; includeInIndex = 0; path = IBTweakerTests.xctest; sourceTree = BUILT_PRODUCTS_DIR; };
		9A717D8627B8148100C17F83 /* IBTweakerTests.swift */ = {isa = PBXFileReference; lastKnownFileType = sourcecode.swift; path = IBTweakerTests.swift; sourceTree = "<group>"; };
		9A717D8C27B8148100C17F83 /* IBTweakerUITests.xctest */ = {isa = PBXFileReference; explicitFileType = wrapper.cfbundle; includeInIndex = 0; path = IBTweakerUITests.xctest; sourceTree = BUILT_PRODUCTS_DIR; };
		9A717D9027B8148100C17F83 /* IBTweakerUITests.swift */ = {isa = PBXFileReference; lastKnownFileType = sourcecode.swift; path = IBTweakerUITests.swift; sourceTree = "<group>"; };
		9A717D9227B8148100C17F83 /* IBTweakerUITestsLaunchTests.swift */ = {isa = PBXFileReference; lastKnownFileType = sourcecode.swift; path = IBTweakerUITestsLaunchTests.swift; sourceTree = "<group>"; };
		9A717D9F27B824F600C17F83 /* IBTWindow.swift */ = {isa = PBXFileReference; lastKnownFileType = sourcecode.swift; path = IBTWindow.swift; sourceTree = "<group>"; };
/* End PBXFileReference section */

/* Begin PBXFrameworksBuildPhase section */
		9A717D6E27B8148000C17F83 /* Frameworks */ = {
			isa = PBXFrameworksBuildPhase;
			buildActionMask = 2147483647;
			files = (
			);
			runOnlyForDeploymentPostprocessing = 0;
		};
		9A717D7F27B8148000C17F83 /* Frameworks */ = {
			isa = PBXFrameworksBuildPhase;
			buildActionMask = 2147483647;
			files = (
			);
			runOnlyForDeploymentPostprocessing = 0;
		};
		9A717D8927B8148100C17F83 /* Frameworks */ = {
			isa = PBXFrameworksBuildPhase;
			buildActionMask = 2147483647;
			files = (
			);
			runOnlyForDeploymentPostprocessing = 0;
		};
/* End PBXFrameworksBuildPhase section */

/* Begin PBXGroup section */
		9A717D6827B8148000C17F83 = {
			isa = PBXGroup;
			children = (
				9A717D7327B8148000C17F83 /* IBTweaker */,
				9A717D8527B8148100C17F83 /* IBTweakerTests */,
				9A717D8F27B8148100C17F83 /* IBTweakerUITests */,
				9A717D7227B8148000C17F83 /* Products */,
			);
			sourceTree = "<group>";
		};
		9A717D7227B8148000C17F83 /* Products */ = {
			isa = PBXGroup;
			children = (
				9A717D7127B8148000C17F83 /* IBTweaker.app */,
				9A717D8227B8148000C17F83 /* IBTweakerTests.xctest */,
				9A717D8C27B8148100C17F83 /* IBTweakerUITests.xctest */,
			);
			name = Products;
			sourceTree = "<group>";
		};
		9A717D7327B8148000C17F83 /* IBTweaker */ = {
			isa = PBXGroup;
			children = (
				9A717D7427B8148000C17F83 /* AppDelegate.swift */,
				9A717D9F27B824F600C17F83 /* IBTWindow.swift */,
				9A717D7627B8148000C17F83 /* ViewController.swift */,
				9A717D7827B8148000C17F83 /* Assets.xcassets */,
				9A717D7A27B8148000C17F83 /* Main.storyboard */,
				9A717D7D27B8148000C17F83 /* IBTweaker.entitlements */,
				9A2A99F427B92B7D00D359CE /* Main copy 2.storyboard */,
			);
			path = IBTweaker;
			sourceTree = "<group>";
		};
		9A717D8527B8148100C17F83 /* IBTweakerTests */ = {
			isa = PBXGroup;
			children = (
				9A717D8627B8148100C17F83 /* IBTweakerTests.swift */,
			);
			path = IBTweakerTests;
			sourceTree = "<group>";
		};
		9A717D8F27B8148100C17F83 /* IBTweakerUITests */ = {
			isa = PBXGroup;
			children = (
				9A717D9027B8148100C17F83 /* IBTweakerUITests.swift */,
				9A717D9227B8148100C17F83 /* IBTweakerUITestsLaunchTests.swift */,
			);
			path = IBTweakerUITests;
			sourceTree = "<group>";
		};
/* End PBXGroup section */

/* Begin PBXNativeTarget section */
		9A717D7027B8148000C17F83 /* IBTweaker */ = {
			isa = PBXNativeTarget;
			buildConfigurationList = 9A717D9627B8148100C17F83 /* Build configuration list for PBXNativeTarget "IBTweaker" */;
			buildPhases = (
				9A717D6D27B8148000C17F83 /* Sources */,
				9A717D6E27B8148000C17F83 /* Frameworks */,
				9A717D6F27B8148000C17F83 /* Resources */,
			);
			buildRules = (
			);
			dependencies = (
			);
			name = IBTweaker;
			productName = IBTweaker;
			productReference = 9A717D7127B8148000C17F83 /* IBTweaker.app */;
			productType = "com.apple.product-type.application";
		};
		9A717D8127B8148000C17F83 /* IBTweakerTests */ = {
			isa = PBXNativeTarget;
			buildConfigurationList = 9A717D9927B8148100C17F83 /* Build configuration list for PBXNativeTarget "IBTweakerTests" */;
			buildPhases = (
				9A717D7E27B8148000C17F83 /* Sources */,
				9A717D7F27B8148000C17F83 /* Frameworks */,
				9A717D8027B8148000C17F83 /* Resources */,
			);
			buildRules = (
			);
			dependencies = (
				9A717D8427B8148000C17F83 /* PBXTargetDependency */,
			);
			name = IBTweakerTests;
			productName = IBTweakerTests;
			productReference = 9A717D8227B8148000C17F83 /* IBTweakerTests.xctest */;
			productType = "com.apple.product-type.bundle.unit-test";
		};
		9A717D8B27B8148100C17F83 /* IBTweakerUITests */ = {
			isa = PBXNativeTarget;
			buildConfigurationList = 9A717D9C27B8148100C17F83 /* Build configuration list for PBXNativeTarget "IBTweakerUITests" */;
			buildPhases = (
				9A717D8827B8148100C17F83 /* Sources */,
				9A717D8927B8148100C17F83 /* Frameworks */,
				9A717D8A27B8148100C17F83 /* Resources */,
			);
			buildRules = (
			);
			dependencies = (
				9A717D8E27B8148100C17F83 /* PBXTargetDependency */,
			);
			name = IBTweakerUITests;
			productName = IBTweakerUITests;
			productReference = 9A717D8C27B8148100C17F83 /* IBTweakerUITests.xctest */;
			productType = "com.apple.product-type.bundle.ui-testing";
		};
/* End PBXNativeTarget section */

/* Begin PBXProject section */
		9A717D6927B8148000C17F83 /* Project object */ = {
			isa = PBXProject;
			attributes = {
				BuildIndependentTargetsInParallel = 1;
				LastSwiftUpdateCheck = 1320;
				LastUpgradeCheck = 1320;
				TargetAttributes = {
					9A717D7027B8148000C17F83 = {
						CreatedOnToolsVersion = 13.2.1;
					};
					9A717D8127B8148000C17F83 = {
						CreatedOnToolsVersion = 13.2.1;
						TestTargetID = 9A717D7027B8148000C17F83;
					};
					9A717D8B27B8148100C17F83 = {
						CreatedOnToolsVersion = 13.2.1;
						TestTargetID = 9A717D7027B8148000C17F83;
					};
				};
			};
			buildConfigurationList = 9A717D6C27B8148000C17F83 /* Build configuration list for PBXProject "IBTweaker" */;
			compatibilityVersion = "Xcode 13.0";
			developmentRegion = en;
			hasScannedForEncodings = 0;
			knownRegions = (
				en,
				Base,
			);
			mainGroup = 9A717D6827B8148000C17F83;
			productRefGroup = 9A717D7227B8148000C17F83 /* Products */;
			projectDirPath = "";
			projectRoot = "";
			targets = (
				9A717D7027B8148000C17F83 /* IBTweaker */,
				9A717D8127B8148000C17F83 /* IBTweakerTests */,
				9A717D8B27B8148100C17F83 /* IBTweakerUITests */,
			);
		};
/* End PBXProject section */

/* Begin PBXResourcesBuildPhase section */
		9A717D6F27B8148000C17F83 /* Resources */ = {
			isa = PBXResourcesBuildPhase;
			buildActionMask = 2147483647;
			files = (
				9A717D7927B8148000C17F83 /* Assets.xcassets in Resources */,
				9A2A99F527B92B7D00D359CE /* Main copy 2.storyboard in Resources */,
				9A717D7C27B8148000C17F83 /* Main.storyboard in Resources */,
			);
			runOnlyForDeploymentPostprocessing = 0;
		};
		9A717D8027B8148000C17F83 /* Resources */ = {
			isa = PBXResourcesBuildPhase;
			buildActionMask = 2147483647;
			files = (
				9A2A99F627B92B7D00D359CE /* Main copy 2.storyboard in Resources */,
			);
			runOnlyForDeploymentPostprocessing = 0;
		};
		9A717D8A27B8148100C17F83 /* Resources */ = {
			isa = PBXResourcesBuildPhase;
			buildActionMask = 2147483647;
			files = (
			);
			runOnlyForDeploymentPostprocessing = 0;
		};
/* End PBXResourcesBuildPhase section */

/* Begin PBXSourcesBuildPhase section */
		9A717D6D27B8148000C17F83 /* Sources */ = {
			isa = PBXSourcesBuildPhase;
			buildActionMask = 2147483647;
			files = (
				9A717DA027B824F600C17F83 /* IBTWindow.swift in Sources */,
				9A717D7727B8148000C17F83 /* ViewController.swift in Sources */,
				9A717D7527B8148000C17F83 /* AppDelegate.swift in Sources */,
			);
			runOnlyForDeploymentPostprocessing = 0;
		};
		9A717D7E27B8148000C17F83 /* Sources */ = {
			isa = PBXSourcesBuildPhase;
			buildActionMask = 2147483647;
			files = (
				9A717D8727B8148100C17F83 /* IBTweakerTests.swift in Sources */,
			);
			runOnlyForDeploymentPostprocessing = 0;
		};
		9A717D8827B8148100C17F83 /* Sources */ = {
			isa = PBXSourcesBuildPhase;
			buildActionMask = 2147483647;
			files = (
				9A717D9127B8148100C17F83 /* IBTweakerUITests.swift in Sources */,
				9A717D9327B8148100C17F83 /* IBTweakerUITestsLaunchTests.swift in Sources */,
			);
			runOnlyForDeploymentPostprocessing = 0;
		};
/* End PBXSourcesBuildPhase section */

/* Begin PBXTargetDependency section */
		9A717D8427B8148000C17F83 /* PBXTargetDependency */ = {
			isa = PBXTargetDependency;
			target = 9A717D7027B8148000C17F83 /* IBTweaker */;
			targetProxy = 9A717D8327B8148000C17F83 /* PBXContainerItemProxy */;
		};
		9A717D8E27B8148100C17F83 /* PBXTargetDependency */ = {
			isa = PBXTargetDependency;
			target = 9A717D7027B8148000C17F83 /* IBTweaker */;
			targetProxy = 9A717D8D27B8148100C17F83 /* PBXContainerItemProxy */;
		};
/* End PBXTargetDependency section */

/* Begin PBXVariantGroup section */
		9A717D7A27B8148000C17F83 /* Main.storyboard */ = {
			isa = PBXVariantGroup;
			children = (
				9A717D7B27B8148000C17F83 /* Base */,
			);
			name = Main.storyboard;
			sourceTree = "<group>";
		};
/* End PBXVariantGroup section */

/* Begin XCBuildConfiguration section */
		9A717D9427B8148100C17F83 /* Debug */ = {
			isa = XCBuildConfiguration;
			buildSettings = {
				ALWAYS_SEARCH_USER_PATHS = NO;
				CLANG_ANALYZER_NONNULL = YES;
				CLANG_ANALYZER_NUMBER_OBJECT_CONVERSION = YES_AGGRESSIVE;
				CLANG_CXX_LANGUAGE_STANDARD = "gnu++17";
				CLANG_CXX_LIBRARY = "libc++";
				CLANG_ENABLE_MODULES = YES;
				CLANG_ENABLE_OBJC_ARC = YES;
				CLANG_ENABLE_OBJC_WEAK = YES;
				CLANG_WARN_BLOCK_CAPTURE_AUTORELEASING = YES;
				CLANG_WARN_BOOL_CONVERSION = YES;
				CLANG_WARN_COMMA = YES;
				CLANG_WARN_CONSTANT_CONVERSION = YES;
				CLANG_WARN_DEPRECATED_OBJC_IMPLEMENTATIONS = YES;
				CLANG_WARN_DIRECT_OBJC_ISA_USAGE = YES_ERROR;
				CLANG_WARN_DOCUMENTATION_COMMENTS = YES;
				CLANG_WARN_EMPTY_BODY = YES;
				CLANG_WARN_ENUM_CONVERSION = YES;
				CLANG_WARN_INFINITE_RECURSION = YES;
				CLANG_WARN_INT_CONVERSION = YES;
				CLANG_WARN_NON_LITERAL_NULL_CONVERSION = YES;
				CLANG_WARN_OBJC_IMPLICIT_RETAIN_SELF = YES;
				CLANG_WARN_OBJC_LITERAL_CONVERSION = YES;
				CLANG_WARN_OBJC_ROOT_CLASS = YES_ERROR;
				CLANG_WARN_QUOTED_INCLUDE_IN_FRAMEWORK_HEADER = YES;
				CLANG_WARN_RANGE_LOOP_ANALYSIS = YES;
				CLANG_WARN_STRICT_PROTOTYPES = YES;
				CLANG_WARN_SUSPICIOUS_MOVE = YES;
				CLANG_WARN_UNGUARDED_AVAILABILITY = YES_AGGRESSIVE;
				CLANG_WARN_UNREACHABLE_CODE = YES;
				CLANG_WARN__DUPLICATE_METHOD_MATCH = YES;
				COPY_PHASE_STRIP = NO;
				DEBUG_INFORMATION_FORMAT = dwarf;
				ENABLE_STRICT_OBJC_MSGSEND = YES;
				ENABLE_TESTABILITY = YES;
				GCC_C_LANGUAGE_STANDARD = gnu11;
				GCC_DYNAMIC_NO_PIC = NO;
				GCC_NO_COMMON_BLOCKS = YES;
				GCC_OPTIMIZATION_LEVEL = 0;
				GCC_PREPROCESSOR_DEFINITIONS = (
					"DEBUG=1",
					"$(inherited)",
				);
				GCC_WARN_64_TO_32_BIT_CONVERSION = YES;
				GCC_WARN_ABOUT_RETURN_TYPE = YES_ERROR;
				GCC_WARN_UNDECLARED_SELECTOR = YES;
				GCC_WARN_UNINITIALIZED_AUTOS = YES_AGGRESSIVE;
				GCC_WARN_UNUSED_FUNCTION = YES;
				GCC_WARN_UNUSED_VARIABLE = YES;
				MACOSX_DEPLOYMENT_TARGET = 12.1;
				MTL_ENABLE_DEBUG_INFO = INCLUDE_SOURCE;
				MTL_FAST_MATH = YES;
				ONLY_ACTIVE_ARCH = YES;
				SDKROOT = macosx;
				SWIFT_ACTIVE_COMPILATION_CONDITIONS = DEBUG;
				SWIFT_OPTIMIZATION_LEVEL = "-Onone";
			};
			name = Debug;
		};
		9A717D9527B8148100C17F83 /* Release */ = {
			isa = XCBuildConfiguration;
			buildSettings = {
				ALWAYS_SEARCH_USER_PATHS = NO;
				CLANG_ANALYZER_NONNULL = YES;
				CLANG_ANALYZER_NUMBER_OBJECT_CONVERSION = YES_AGGRESSIVE;
				CLANG_CXX_LANGUAGE_STANDARD = "gnu++17";
				CLANG_CXX_LIBRARY = "libc++";
				CLANG_ENABLE_MODULES = YES;
				CLANG_ENABLE_OBJC_ARC = YES;
				CLANG_ENABLE_OBJC_WEAK = YES;
				CLANG_WARN_BLOCK_CAPTURE_AUTORELEASING = YES;
				CLANG_WARN_BOOL_CONVERSION = YES;
				CLANG_WARN_COMMA = YES;
				CLANG_WARN_CONSTANT_CONVERSION = YES;
				CLANG_WARN_DEPRECATED_OBJC_IMPLEMENTATIONS = YES;
				CLANG_WARN_DIRECT_OBJC_ISA_USAGE = YES_ERROR;
				CLANG_WARN_DOCUMENTATION_COMMENTS = YES;
				CLANG_WARN_EMPTY_BODY = YES;
				CLANG_WARN_ENUM_CONVERSION = YES;
				CLANG_WARN_INFINITE_RECURSION = YES;
				CLANG_WARN_INT_CONVERSION = YES;
				CLANG_WARN_NON_LITERAL_NULL_CONVERSION = YES;
				CLANG_WARN_OBJC_IMPLICIT_RETAIN_SELF = YES;
				CLANG_WARN_OBJC_LITERAL_CONVERSION = YES;
				CLANG_WARN_OBJC_ROOT_CLASS = YES_ERROR;
				CLANG_WARN_QUOTED_INCLUDE_IN_FRAMEWORK_HEADER = YES;
				CLANG_WARN_RANGE_LOOP_ANALYSIS = YES;
				CLANG_WARN_STRICT_PROTOTYPES = YES;
				CLANG_WARN_SUSPICIOUS_MOVE = YES;
				CLANG_WARN_UNGUARDED_AVAILABILITY = YES_AGGRESSIVE;
				CLANG_WARN_UNREACHABLE_CODE = YES;
				CLANG_WARN__DUPLICATE_METHOD_MATCH = YES;
				COPY_PHASE_STRIP = NO;
				DEBUG_INFORMATION_FORMAT = "dwarf-with-dsym";
				ENABLE_NS_ASSERTIONS = NO;
				ENABLE_STRICT_OBJC_MSGSEND = YES;
				GCC_C_LANGUAGE_STANDARD = gnu11;
				GCC_NO_COMMON_BLOCKS = YES;
				GCC_WARN_64_TO_32_BIT_CONVERSION = YES;
				GCC_WARN_ABOUT_RETURN_TYPE = YES_ERROR;
				GCC_WARN_UNDECLARED_SELECTOR = YES;
				GCC_WARN_UNINITIALIZED_AUTOS = YES_AGGRESSIVE;
				GCC_WARN_UNUSED_FUNCTION = YES;
				GCC_WARN_UNUSED_VARIABLE = YES;
				MACOSX_DEPLOYMENT_TARGET = 12.1;
				MTL_ENABLE_DEBUG_INFO = NO;
				MTL_FAST_MATH = YES;
				SDKROOT = macosx;
				SWIFT_COMPILATION_MODE = wholemodule;
				SWIFT_OPTIMIZATION_LEVEL = "-O";
			};
			name = Release;
		};
		9A717D9727B8148100C17F83 /* Debug */ = {
			isa = XCBuildConfiguration;
			buildSettings = {
				ASSETCATALOG_COMPILER_APPICON_NAME = AppIcon;
				ASSETCATALOG_COMPILER_GLOBAL_ACCENT_COLOR_NAME = AccentColor;
				CODE_SIGN_ENTITLEMENTS = IBTweaker/IBTweaker.entitlements;
				CODE_SIGN_STYLE = Automatic;
				COMBINE_HIDPI_IMAGES = YES;
				CURRENT_PROJECT_VERSION = 1;
				DEVELOPMENT_TEAM = 7Z852L4L3D;
				ENABLE_HARDENED_RUNTIME = YES;
				GENERATE_INFOPLIST_FILE = YES;
				INFOPLIST_KEY_LSApplicationCategoryType = "public.app-category.utilities";
				INFOPLIST_KEY_NSHumanReadableCopyright = "";
				INFOPLIST_KEY_NSMainStoryboardFile = Main;
				INFOPLIST_KEY_NSPrincipalClass = NSApplication;
				LD_RUNPATH_SEARCH_PATHS = (
					"$(inherited)",
					"@executable_path/../Frameworks",
				);
				MARKETING_VERSION = 1.0;
				PRODUCT_BUNDLE_IDENTIFIER = com.brightscreentv.net.IBTweaker;
				PRODUCT_NAME = "$(TARGET_NAME)";
				SWIFT_EMIT_LOC_STRINGS = YES;
				SWIFT_VERSION = 5.0;
			};
			name = Debug;
		};
		9A717D9827B8148100C17F83 /* Release */ = {
			isa = XCBuildConfiguration;
			buildSettings = {
				ASSETCATALOG_COMPILER_APPICON_NAME = AppIcon;
				ASSETCATALOG_COMPILER_GLOBAL_ACCENT_COLOR_NAME = AccentColor;
				CODE_SIGN_ENTITLEMENTS = IBTweaker/IBTweaker.entitlements;
				CODE_SIGN_STYLE = Automatic;
				COMBINE_HIDPI_IMAGES = YES;
				CURRENT_PROJECT_VERSION = 1;
				DEVELOPMENT_TEAM = 7Z852L4L3D;
				ENABLE_HARDENED_RUNTIME = YES;
				GENERATE_INFOPLIST_FILE = YES;
				INFOPLIST_KEY_LSApplicationCategoryType = "public.app-category.utilities";
				INFOPLIST_KEY_NSHumanReadableCopyright = "";
				INFOPLIST_KEY_NSMainStoryboardFile = Main;
				INFOPLIST_KEY_NSPrincipalClass = NSApplication;
				LD_RUNPATH_SEARCH_PATHS = (
					"$(inherited)",
					"@executable_path/../Frameworks",
				);
				MARKETING_VERSION = 1.0;
				PRODUCT_BUNDLE_IDENTIFIER = com.brightscreentv.net.IBTweaker;
				PRODUCT_NAME = "$(TARGET_NAME)";
				SWIFT_EMIT_LOC_STRINGS = YES;
				SWIFT_VERSION = 5.0;
			};
			name = Release;
		};
		9A717D9A27B8148100C17F83 /* Debug */ = {
			isa = XCBuildConfiguration;
			buildSettings = {
				ALWAYS_EMBED_SWIFT_STANDARD_LIBRARIES = YES;
				BUNDLE_LOADER = "$(TEST_HOST)";
				CODE_SIGN_STYLE = Automatic;
				CURRENT_PROJECT_VERSION = 1;
				DEVELOPMENT_TEAM = 7Z852L4L3D;
				GENERATE_INFOPLIST_FILE = YES;
				MACOSX_DEPLOYMENT_TARGET = 12.1;
				MARKETING_VERSION = 1.0;
				PRODUCT_BUNDLE_IDENTIFIER = com.brightscreentv.net.IBTweakerTests;
				PRODUCT_NAME = "$(TARGET_NAME)";
				SWIFT_EMIT_LOC_STRINGS = NO;
				SWIFT_VERSION = 5.0;
				TEST_HOST = "$(BUILT_PRODUCTS_DIR)/IBTweaker.app/Contents/MacOS/IBTweaker";
			};
			name = Debug;
		};
		9A717D9B27B8148100C17F83 /* Release */ = {
			isa = XCBuildConfiguration;
			buildSettings = {
				ALWAYS_EMBED_SWIFT_STANDARD_LIBRARIES = YES;
				BUNDLE_LOADER = "$(TEST_HOST)";
				CODE_SIGN_STYLE = Automatic;
				CURRENT_PROJECT_VERSION = 1;
				DEVELOPMENT_TEAM = 7Z852L4L3D;
				GENERATE_INFOPLIST_FILE = YES;
				MACOSX_DEPLOYMENT_TARGET = 12.1;
				MARKETING_VERSION = 1.0;
				PRODUCT_BUNDLE_IDENTIFIER = com.brightscreentv.net.IBTweakerTests;
				PRODUCT_NAME = "$(TARGET_NAME)";
				SWIFT_EMIT_LOC_STRINGS = NO;
				SWIFT_VERSION = 5.0;
				TEST_HOST = "$(BUILT_PRODUCTS_DIR)/IBTweaker.app/Contents/MacOS/IBTweaker";
			};
			name = Release;
		};
		9A717D9D27B8148100C17F83 /* Debug */ = {
			isa = XCBuildConfiguration;
			buildSettings = {
				ALWAYS_EMBED_SWIFT_STANDARD_LIBRARIES = YES;
				CODE_SIGN_STYLE = Automatic;
				CURRENT_PROJECT_VERSION = 1;
				DEVELOPMENT_TEAM = 7Z852L4L3D;
				GENERATE_INFOPLIST_FILE = YES;
				MARKETING_VERSION = 1.0;
				PRODUCT_BUNDLE_IDENTIFIER = com.brightscreentv.net.IBTweakerUITests;
				PRODUCT_NAME = "$(TARGET_NAME)";
				SWIFT_EMIT_LOC_STRINGS = NO;
				SWIFT_VERSION = 5.0;
				TEST_TARGET_NAME = IBTweaker;
			};
			name = Debug;
		};
		9A717D9E27B8148100C17F83 /* Release */ = {
			isa = XCBuildConfiguration;
			buildSettings = {
				ALWAYS_EMBED_SWIFT_STANDARD_LIBRARIES = YES;
				CODE_SIGN_STYLE = Automatic;
				CURRENT_PROJECT_VERSION = 1;
				DEVELOPMENT_TEAM = 7Z852L4L3D;
				GENERATE_INFOPLIST_FILE = YES;
				MARKETING_VERSION = 1.0;
				PRODUCT_BUNDLE_IDENTIFIER = com.brightscreentv.net.IBTweakerUITests;
				PRODUCT_NAME = "$(TARGET_NAME)";
				SWIFT_EMIT_LOC_STRINGS = NO;
				SWIFT_VERSION = 5.0;
				TEST_TARGET_NAME = IBTweaker;
			};
			name = Release;
		};
/* End XCBuildConfiguration section */

/* Begin XCConfigurationList section */
		9A717D6C27B8148000C17F83 /* Build configuration list for PBXProject "IBTweaker" */ = {
			isa = XCConfigurationList;
			buildConfigurations = (
				9A717D9427B8148100C17F83 /* Debug */,
				9A717D9527B8148100C17F83 /* Release */,
			);
			defaultConfigurationIsVisible = 0;
			defaultConfigurationName = Release;
		};
		9A717D9627B8148100C17F83 /* Build configuration list for PBXNativeTarget "IBTweaker" */ = {
			isa = XCConfigurationList;
			buildConfigurations = (
				9A717D9727B8148100C17F83 /* Debug */,
				9A717D9827B8148100C17F83 /* Release */,
			);
			defaultConfigurationIsVisible = 0;
			defaultConfigurationName = Release;
		};
		9A717D9927B8148100C17F83 /* Build configuration list for PBXNativeTarget "IBTweakerTests" */ = {
			isa = XCConfigurationList;
			buildConfigurations = (
				9A717D9A27B8148100C17F83 /* Debug */,
				9A717D9B27B8148100C17F83 /* Release */,
			);
			defaultConfigurationIsVisible = 0;
			defaultConfigurationName = Release;
		};
		9A717D9C27B8148100C17F83 /* Build configuration list for PBXNativeTarget "IBTweakerUITests" */ = {
			isa = XCConfigurationList;
			buildConfigurations = (
				9A717D9D27B8148100C17F83 /* Debug */,
				9A717D9E27B8148100C17F83 /* Release */,
			);
			defaultConfigurationIsVisible = 0;
			defaultConfigurationName = Release;
		};
/* End XCConfigurationList section */
	};
	rootObject = 9A717D6927B8148000C17F83 /* Project object */;
}
